// !$*UTF8*$!
{
	archiveVersion = 1;
	classes = {
	};
	objectVersion = 55;
	objects = {

/* Begin PBXBuildFile section */
		AF7FB1E62846AE350006C56B /* AppDelegate.swift in Sources */ = {isa = PBXBuildFile; fileRef = AF7FB1E52846AE350006C56B /* AppDelegate.swift */; };
		AF7FB1E82846AE350006C56B /* SceneDelegate.swift in Sources */ = {isa = PBXBuildFile; fileRef = AF7FB1E72846AE350006C56B /* SceneDelegate.swift */; };
		AF7FB1EA2846AE350006C56B /* ViewController.swift in Sources */ = {isa = PBXBuildFile; fileRef = AF7FB1E92846AE350006C56B /* ViewController.swift */; };
		AF7FB1ED2846AE350006C56B /* Main.storyboard in Resources */ = {isa = PBXBuildFile; fileRef = AF7FB1EB2846AE350006C56B /* Main.storyboard */; };
		AF7FB1F02846AE350006C56B /* LocoDemoProject.xcdatamodeld in Sources */ = {isa = PBXBuildFile; fileRef = AF7FB1EE2846AE350006C56B /* LocoDemoProject.xcdatamodeld */; };
		AF7FB1F22846AE370006C56B /* Assets.xcassets in Resources */ = {isa = PBXBuildFile; fileRef = AF7FB1F12846AE370006C56B /* Assets.xcassets */; };
		AF7FB1F52846AE370006C56B /* LaunchScreen.storyboard in Resources */ = {isa = PBXBuildFile; fileRef = AF7FB1F32846AE370006C56B /* LaunchScreen.storyboard */; };
		AF7FB2002846AE380006C56B /* LocoDemoProjectTests.swift in Sources */ = {isa = PBXBuildFile; fileRef = AF7FB1FF2846AE380006C56B /* LocoDemoProjectTests.swift */; };
		AF7FB20A2846AE380006C56B /* LocoDemoProjectUITests.swift in Sources */ = {isa = PBXBuildFile; fileRef = AF7FB2092846AE380006C56B /* LocoDemoProjectUITests.swift */; };
		AF7FB20C2846AE380006C56B /* LocoDemoProjectUITestsLaunchTests.swift in Sources */ = {isa = PBXBuildFile; fileRef = AF7FB20B2846AE380006C56B /* LocoDemoProjectUITestsLaunchTests.swift */; };
/* End PBXBuildFile section */

/* Begin PBXContainerItemProxy section */
		AF7FB1FC2846AE380006C56B /* PBXContainerItemProxy */ = {
			isa = PBXContainerItemProxy;
			containerPortal = AF7FB1DA2846AE340006C56B /* Project object */;
			proxyType = 1;
			remoteGlobalIDString = AF7FB1E12846AE350006C56B;
			remoteInfo = LocoDemoProject;
		};
		AF7FB2062846AE380006C56B /* PBXContainerItemProxy */ = {
			isa = PBXContainerItemProxy;
			containerPortal = AF7FB1DA2846AE340006C56B /* Project object */;
			proxyType = 1;
			remoteGlobalIDString = AF7FB1E12846AE350006C56B;
			remoteInfo = LocoDemoProject;
		};
/* End PBXContainerItemProxy section */

/* Begin PBXFileReference section */
		AF7FB1E22846AE350006C56B /* LocoDemoProject.app */ = {isa = PBXFileReference; explicitFileType = wrapper.application; includeInIndex = 0; path = LocoDemoProject.app; sourceTree = BUILT_PRODUCTS_DIR; };
		AF7FB1E52846AE350006C56B /* AppDelegate.swift */ = {isa = PBXFileReference; lastKnownFileType = sourcecode.swift; path = AppDelegate.swift; sourceTree = "<group>"; };
		AF7FB1E72846AE350006C56B /* SceneDelegate.swift */ = {isa = PBXFileReference; lastKnownFileType = sourcecode.swift; path = SceneDelegate.swift; sourceTree = "<group>"; };
		AF7FB1E92846AE350006C56B /* ViewController.swift */ = {isa = PBXFileReference; lastKnownFileType = sourcecode.swift; path = ViewController.swift; sourceTree = "<group>"; };
		AF7FB1EC2846AE350006C56B /* Base */ = {isa = PBXFileReference; lastKnownFileType = file.storyboard; name = Base; path = Base.lproj/Main.storyboard; sourceTree = "<group>"; };
		AF7FB1EF2846AE350006C56B /* LocoDemoProject.xcdatamodel */ = {isa = PBXFileReference; lastKnownFileType = wrapper.xcdatamodel; path = LocoDemoProject.xcdatamodel; sourceTree = "<group>"; };
		AF7FB1F12846AE370006C56B /* Assets.xcassets */ = {isa = PBXFileReference; lastKnownFileType = folder.assetcatalog; path = Assets.xcassets; sourceTree = "<group>"; };
		AF7FB1F42846AE370006C56B /* Base */ = {isa = PBXFileReference; lastKnownFileType = file.storyboard; name = Base; path = Base.lproj/LaunchScreen.storyboard; sourceTree = "<group>"; };
		AF7FB1F62846AE370006C56B /* Info.plist */ = {isa = PBXFileReference; lastKnownFileType = text.plist.xml; path = Info.plist; sourceTree = "<group>"; };
		AF7FB1FB2846AE380006C56B /* LocoDemoProjectTests.xctest */ = {isa = PBXFileReference; explicitFileType = wrapper.cfbundle; includeInIndex = 0; path = LocoDemoProjectTests.xctest; sourceTree = BUILT_PRODUCTS_DIR; };
		AF7FB1FF2846AE380006C56B /* LocoDemoProjectTests.swift */ = {isa = PBXFileReference; lastKnownFileType = sourcecode.swift; path = LocoDemoProjectTests.swift; sourceTree = "<group>"; };
		AF7FB2052846AE380006C56B /* LocoDemoProjectUITests.xctest */ = {isa = PBXFileReference; explicitFileType = wrapper.cfbundle; includeInIndex = 0; path = LocoDemoProjectUITests.xctest; sourceTree = BUILT_PRODUCTS_DIR; };
		AF7FB2092846AE380006C56B /* LocoDemoProjectUITests.swift */ = {isa = PBXFileReference; lastKnownFileType = sourcecode.swift; path = LocoDemoProjectUITests.swift; sourceTree = "<group>"; };
		AF7FB20B2846AE380006C56B /* LocoDemoProjectUITestsLaunchTests.swift */ = {isa = PBXFileReference; lastKnownFileType = sourcecode.swift; path = LocoDemoProjectUITestsLaunchTests.swift; sourceTree = "<group>"; };
/* End PBXFileReference section */

/* Begin PBXFrameworksBuildPhase section */
		AF7FB1DF2846AE350006C56B /* Frameworks */ = {
			isa = PBXFrameworksBuildPhase;
			buildActionMask = 2147483647;
			files = (
			);
			runOnlyForDeploymentPostprocessing = 0;
		};
		AF7FB1F82846AE380006C56B /* Frameworks */ = {
			isa = PBXFrameworksBuildPhase;
			buildActionMask = 2147483647;
			files = (
			);
			runOnlyForDeploymentPostprocessing = 0;
		};
		AF7FB2022846AE380006C56B /* Frameworks */ = {
			isa = PBXFrameworksBuildPhase;
			buildActionMask = 2147483647;
			files = (
			);
			runOnlyForDeploymentPostprocessing = 0;
		};
/* End PBXFrameworksBuildPhase section */

/* Begin PBXGroup section */
		AF7FB1D92846AE340006C56B = {
			isa = PBXGroup;
			children = (
				AF7FB1E42846AE350006C56B /* LocoDemoProject */,
				AF7FB1FE2846AE380006C56B /* LocoDemoProjectTests */,
				AF7FB2082846AE380006C56B /* LocoDemoProjectUITests */,
				AF7FB1E32846AE350006C56B /* Products */,
			);
			sourceTree = "<group>";
		};
		AF7FB1E32846AE350006C56B /* Products */ = {
			isa = PBXGroup;
			children = (
				AF7FB1E22846AE350006C56B /* LocoDemoProject.app */,
				AF7FB1FB2846AE380006C56B /* LocoDemoProjectTests.xctest */,
				AF7FB2052846AE380006C56B /* LocoDemoProjectUITests.xctest */,
			);
			name = Products;
			sourceTree = "<group>";
		};
		AF7FB1E42846AE350006C56B /* LocoDemoProject */ = {
			isa = PBXGroup;
			children = (
				AF7FB1E52846AE350006C56B /* AppDelegate.swift */,
				AF7FB1E72846AE350006C56B /* SceneDelegate.swift */,
				AF7FB1E92846AE350006C56B /* ViewController.swift */,
				AF7FB1EB2846AE350006C56B /* Main.storyboard */,
				AF7FB1F12846AE370006C56B /* Assets.xcassets */,
				AF7FB1F32846AE370006C56B /* LaunchScreen.storyboard */,
				AF7FB1F62846AE370006C56B /* Info.plist */,
				AF7FB1EE2846AE350006C56B /* LocoDemoProject.xcdatamodeld */,
			);
			path = LocoDemoProject;
			sourceTree = "<group>";
		};
		AF7FB1FE2846AE380006C56B /* LocoDemoProjectTests */ = {
			isa = PBXGroup;
			children = (
				AF7FB1FF2846AE380006C56B /* LocoDemoProjectTests.swift */,
			);
			path = LocoDemoProjectTests;
			sourceTree = "<group>";
		};
		AF7FB2082846AE380006C56B /* LocoDemoProjectUITests */ = {
			isa = PBXGroup;
			children = (
				AF7FB2092846AE380006C56B /* LocoDemoProjectUITests.swift */,
				AF7FB20B2846AE380006C56B /* LocoDemoProjectUITestsLaunchTests.swift */,
			);
			path = LocoDemoProjectUITests;
			sourceTree = "<group>";
		};
/* End PBXGroup section */

/* Begin PBXNativeTarget section */
		AF7FB1E12846AE350006C56B /* LocoDemoProject */ = {
			isa = PBXNativeTarget;
			buildConfigurationList = AF7FB20F2846AE380006C56B /* Build configuration list for PBXNativeTarget "LocoDemoProject" */;
			buildPhases = (
				AF7FB1DE2846AE350006C56B /* Sources */,
				AF7FB1DF2846AE350006C56B /* Frameworks */,
				AF7FB1E02846AE350006C56B /* Resources */,
			);
			buildRules = (
			);
			dependencies = (
			);
			name = LocoDemoProject;
			productName = LocoDemoProject;
			productReference = AF7FB1E22846AE350006C56B /* LocoDemoProject.app */;
			productType = "com.apple.product-type.application";
		};
		AF7FB1FA2846AE380006C56B /* LocoDemoProjectTests */ = {
			isa = PBXNativeTarget;
			buildConfigurationList = AF7FB2122846AE380006C56B /* Build configuration list for PBXNativeTarget "LocoDemoProjectTests" */;
			buildPhases = (
				AF7FB1F72846AE380006C56B /* Sources */,
				AF7FB1F82846AE380006C56B /* Frameworks */,
				AF7FB1F92846AE380006C56B /* Resources */,
			);
			buildRules = (
			);
			dependencies = (
				AF7FB1FD2846AE380006C56B /* PBXTargetDependency */,
			);
			name = LocoDemoProjectTests;
			productName = LocoDemoProjectTests;
			productReference = AF7FB1FB2846AE380006C56B /* LocoDemoProjectTests.xctest */;
			productType = "com.apple.product-type.bundle.unit-test";
		};
		AF7FB2042846AE380006C56B /* LocoDemoProjectUITests */ = {
			isa = PBXNativeTarget;
			buildConfigurationList = AF7FB2152846AE380006C56B /* Build configuration list for PBXNativeTarget "LocoDemoProjectUITests" */;
			buildPhases = (
				AF7FB2012846AE380006C56B /* Sources */,
				AF7FB2022846AE380006C56B /* Frameworks */,
				AF7FB2032846AE380006C56B /* Resources */,
			);
			buildRules = (
			);
			dependencies = (
				AF7FB2072846AE380006C56B /* PBXTargetDependency */,
			);
			name = LocoDemoProjectUITests;
			productName = LocoDemoProjectUITests;
			productReference = AF7FB2052846AE380006C56B /* LocoDemoProjectUITests.xctest */;
			productType = "com.apple.product-type.bundle.ui-testing";
		};
/* End PBXNativeTarget section */

/* Begin PBXProject section */
		AF7FB1DA2846AE340006C56B /* Project object */ = {
			isa = PBXProject;
			attributes = {
				BuildIndependentTargetsInParallel = 1;
				LastSwiftUpdateCheck = 1330;
				LastUpgradeCheck = 1330;
				TargetAttributes = {
					AF7FB1E12846AE350006C56B = {
						CreatedOnToolsVersion = 13.3.1;
					};
					AF7FB1FA2846AE380006C56B = {
						CreatedOnToolsVersion = 13.3.1;
						TestTargetID = AF7FB1E12846AE350006C56B;
					};
					AF7FB2042846AE380006C56B = {
						CreatedOnToolsVersion = 13.3.1;
						TestTargetID = AF7FB1E12846AE350006C56B;
					};
				};
			};
			buildConfigurationList = AF7FB1DD2846AE340006C56B /* Build configuration list for PBXProject "LocoDemoProject" */;
			compatibilityVersion = "Xcode 13.0";
			developmentRegion = en;
			hasScannedForEncodings = 0;
			knownRegions = (
				en,
				Base,
			);
			mainGroup = AF7FB1D92846AE340006C56B;
			productRefGroup = AF7FB1E32846AE350006C56B /* Products */;
			projectDirPath = "";
			projectRoot = "";
			targets = (
				AF7FB1E12846AE350006C56B /* LocoDemoProject */,
				AF7FB1FA2846AE380006C56B /* LocoDemoProjectTests */,
				AF7FB2042846AE380006C56B /* LocoDemoProjectUITests */,
			);
		};
/* End PBXProject section */

/* Begin PBXResourcesBuildPhase section */
		AF7FB1E02846AE350006C56B /* Resources */ = {
			isa = PBXResourcesBuildPhase;
			buildActionMask = 2147483647;
			files = (
				AF7FB1F52846AE370006C56B /* LaunchScreen.storyboard in Resources */,
				AF7FB1F22846AE370006C56B /* Assets.xcassets in Resources */,
				AF7FB1ED2846AE350006C56B /* Main.storyboard in Resources */,
			);
			runOnlyForDeploymentPostprocessing = 0;
		};
		AF7FB1F92846AE380006C56B /* Resources */ = {
			isa = PBXResourcesBuildPhase;
			buildActionMask = 2147483647;
			files = (
			);
			runOnlyForDeploymentPostprocessing = 0;
		};
		AF7FB2032846AE380006C56B /* Resources */ = {
			isa = PBXResourcesBuildPhase;
			buildActionMask = 2147483647;
			files = (
			);
			runOnlyForDeploymentPostprocessing = 0;
		};
/* End PBXResourcesBuildPhase section */

/* Begin PBXSourcesBuildPhase section */
		AF7FB1DE2846AE350006C56B /* Sources */ = {
			isa = PBXSourcesBuildPhase;
			buildActionMask = 2147483647;
			files = (
				AF7FB1EA2846AE350006C56B /* ViewController.swift in Sources */,
				AF7FB1F02846AE350006C56B /* LocoDemoProject.xcdatamodeld in Sources */,
				AF7FB1E62846AE350006C56B /* AppDelegate.swift in Sources */,
				AF7FB1E82846AE350006C56B /* SceneDelegate.swift in Sources */,
			);
			runOnlyForDeploymentPostprocessing = 0;
		};
		AF7FB1F72846AE380006C56B /* Sources */ = {
			isa = PBXSourcesBuildPhase;
			buildActionMask = 2147483647;
			files = (
				AF7FB2002846AE380006C56B /* LocoDemoProjectTests.swift in Sources */,
			);
			runOnlyForDeploymentPostprocessing = 0;
		};
		AF7FB2012846AE380006C56B /* Sources */ = {
			isa = PBXSourcesBuildPhase;
			buildActionMask = 2147483647;
			files = (
				AF7FB20C2846AE380006C56B /* LocoDemoProjectUITestsLaunchTests.swift in Sources */,
				AF7FB20A2846AE380006C56B /* LocoDemoProjectUITests.swift in Sources */,
			);
			runOnlyForDeploymentPostprocessing = 0;
		};
/* End PBXSourcesBuildPhase section */

/* Begin PBXTargetDependency section */
		AF7FB1FD2846AE380006C56B /* PBXTargetDependency */ = {
			isa = PBXTargetDependency;
			target = AF7FB1E12846AE350006C56B /* LocoDemoProject */;
			targetProxy = AF7FB1FC2846AE380006C56B /* PBXContainerItemProxy */;
		};
		AF7FB2072846AE380006C56B /* PBXTargetDependency */ = {
			isa = PBXTargetDependency;
			target = AF7FB1E12846AE350006C56B /* LocoDemoProject */;
			targetProxy = AF7FB2062846AE380006C56B /* PBXContainerItemProxy */;
		};
/* End PBXTargetDependency section */

/* Begin PBXVariantGroup section */
		AF7FB1EB2846AE350006C56B /* Main.storyboard */ = {
			isa = PBXVariantGroup;
			children = (
				AF7FB1EC2846AE350006C56B /* Base */,
			);
			name = Main.storyboard;
			sourceTree = "<group>";
		};
		AF7FB1F32846AE370006C56B /* LaunchScreen.storyboard */ = {
			isa = PBXVariantGroup;
			children = (
				AF7FB1F42846AE370006C56B /* Base */,
			);
			name = LaunchScreen.storyboard;
			sourceTree = "<group>";
		};
/* End PBXVariantGroup section */

/* Begin XCBuildConfiguration section */
		AF7FB20D2846AE380006C56B /* Debug */ = {
			isa = XCBuildConfiguration;
			buildSettings = {
				ALWAYS_SEARCH_USER_PATHS = NO;
				CLANG_ANALYZER_NONNULL = YES;
				CLANG_ANALYZER_NUMBER_OBJECT_CONVERSION = YES_AGGRESSIVE;
				CLANG_CXX_LANGUAGE_STANDARD = "gnu++17";
				CLANG_ENABLE_MODULES = YES;
				CLANG_ENABLE_OBJC_ARC = YES;
				CLANG_ENABLE_OBJC_WEAK = YES;
				CLANG_WARN_BLOCK_CAPTURE_AUTORELEASING = YES;
				CLANG_WARN_BOOL_CONVERSION = YES;
				CLANG_WARN_COMMA = YES;
				CLANG_WARN_CONSTANT_CONVERSION = YES;
				CLANG_WARN_DEPRECATED_OBJC_IMPLEMENTATIONS = YES;
				CLANG_WARN_DIRECT_OBJC_ISA_USAGE = YES_ERROR;
				CLANG_WARN_DOCUMENTATION_COMMENTS = YES;
				CLANG_WARN_EMPTY_BODY = YES;
				CLANG_WARN_ENUM_CONVERSION = YES;
				CLANG_WARN_INFINITE_RECURSION = YES;
				CLANG_WARN_INT_CONVERSION = YES;
				CLANG_WARN_NON_LITERAL_NULL_CONVERSION = YES;
				CLANG_WARN_OBJC_IMPLICIT_RETAIN_SELF = YES;
				CLANG_WARN_OBJC_LITERAL_CONVERSION = YES;
				CLANG_WARN_OBJC_ROOT_CLASS = YES_ERROR;
				CLANG_WARN_QUOTED_INCLUDE_IN_FRAMEWORK_HEADER = YES;
				CLANG_WARN_RANGE_LOOP_ANALYSIS = YES;
				CLANG_WARN_STRICT_PROTOTYPES = YES;
				CLANG_WARN_SUSPICIOUS_MOVE = YES;
				CLANG_WARN_UNGUARDED_AVAILABILITY = YES_AGGRESSIVE;
				CLANG_WARN_UNREACHABLE_CODE = YES;
				CLANG_WARN__DUPLICATE_METHOD_MATCH = YES;
				COPY_PHASE_STRIP = NO;
				DEBUG_INFORMATION_FORMAT = dwarf;
				ENABLE_STRICT_OBJC_MSGSEND = YES;
				ENABLE_TESTABILITY = YES;
				GCC_C_LANGUAGE_STANDARD = gnu11;
				GCC_DYNAMIC_NO_PIC = NO;
				GCC_NO_COMMON_BLOCKS = YES;
				GCC_OPTIMIZATION_LEVEL = 0;
				GCC_PREPROCESSOR_DEFINITIONS = (
					"DEBUG=1",
					"$(inherited)",
				);
				GCC_WARN_64_TO_32_BIT_CONVERSION = YES;
				GCC_WARN_ABOUT_RETURN_TYPE = YES_ERROR;
				GCC_WARN_UNDECLARED_SELECTOR = YES;
				GCC_WARN_UNINITIALIZED_AUTOS = YES_AGGRESSIVE;
				GCC_WARN_UNUSED_FUNCTION = YES;
				GCC_WARN_UNUSED_VARIABLE = YES;
				IPHONEOS_DEPLOYMENT_TARGET = 15.4;
				MTL_ENABLE_DEBUG_INFO = INCLUDE_SOURCE;
				MTL_FAST_MATH = YES;
				ONLY_ACTIVE_ARCH = YES;
				SDKROOT = iphoneos;
				SWIFT_ACTIVE_COMPILATION_CONDITIONS = DEBUG;
				SWIFT_OPTIMIZATION_LEVEL = "-Onone";
			};
			name = Debug;
		};
		AF7FB20E2846AE380006C56B /* Release */ = {
			isa = XCBuildConfiguration;
			buildSettings = {
				ALWAYS_SEARCH_USER_PATHS = NO;
				CLANG_ANALYZER_NONNULL = YES;
				CLANG_ANALYZER_NUMBER_OBJECT_CONVERSION = YES_AGGRESSIVE;
				CLANG_CXX_LANGUAGE_STANDARD = "gnu++17";
				CLANG_ENABLE_MODULES = YES;
				CLANG_ENABLE_OBJC_ARC = YES;
				CLANG_ENABLE_OBJC_WEAK = YES;
				CLANG_WARN_BLOCK_CAPTURE_AUTORELEASING = YES;
				CLANG_WARN_BOOL_CONVERSION = YES;
				CLANG_WARN_COMMA = YES;
				CLANG_WARN_CONSTANT_CONVERSION = YES;
				CLANG_WARN_DEPRECATED_OBJC_IMPLEMENTATIONS = YES;
				CLANG_WARN_DIRECT_OBJC_ISA_USAGE = YES_ERROR;
				CLANG_WARN_DOCUMENTATION_COMMENTS = YES;
				CLANG_WARN_EMPTY_BODY = YES;
				CLANG_WARN_ENUM_CONVERSION = YES;
				CLANG_WARN_INFINITE_RECURSION = YES;
				CLANG_WARN_INT_CONVERSION = YES;
				CLANG_WARN_NON_LITERAL_NULL_CONVERSION = YES;
				CLANG_WARN_OBJC_IMPLICIT_RETAIN_SELF = YES;
				CLANG_WARN_OBJC_LITERAL_CONVERSION = YES;
				CLANG_WARN_OBJC_ROOT_CLASS = YES_ERROR;
				CLANG_WARN_QUOTED_INCLUDE_IN_FRAMEWORK_HEADER = YES;
				CLANG_WARN_RANGE_LOOP_ANALYSIS = YES;
				CLANG_WARN_STRICT_PROTOTYPES = YES;
				CLANG_WARN_SUSPICIOUS_MOVE = YES;
				CLANG_WARN_UNGUARDED_AVAILABILITY = YES_AGGRESSIVE;
				CLANG_WARN_UNREACHABLE_CODE = YES;
				CLANG_WARN__DUPLICATE_METHOD_MATCH = YES;
				COPY_PHASE_STRIP = NO;
				DEBUG_INFORMATION_FORMAT = "dwarf-with-dsym";
				ENABLE_NS_ASSERTIONS = NO;
				ENABLE_STRICT_OBJC_MSGSEND = YES;
				GCC_C_LANGUAGE_STANDARD = gnu11;
				GCC_NO_COMMON_BLOCKS = YES;
				GCC_WARN_64_TO_32_BIT_CONVERSION = YES;
				GCC_WARN_ABOUT_RETURN_TYPE = YES_ERROR;
				GCC_WARN_UNDECLARED_SELECTOR = YES;
				GCC_WARN_UNINITIALIZED_AUTOS = YES_AGGRESSIVE;
				GCC_WARN_UNUSED_FUNCTION = YES;
				GCC_WARN_UNUSED_VARIABLE = YES;
				IPHONEOS_DEPLOYMENT_TARGET = 15.4;
				MTL_ENABLE_DEBUG_INFO = NO;
				MTL_FAST_MATH = YES;
				SDKROOT = iphoneos;
				SWIFT_COMPILATION_MODE = wholemodule;
				SWIFT_OPTIMIZATION_LEVEL = "-O";
				VALIDATE_PRODUCT = YES;
			};
			name = Release;
		};
		AF7FB2102846AE380006C56B /* Debug */ = {
			isa = XCBuildConfiguration;
			buildSettings = {
				ASSETCATALOG_COMPILER_APPICON_NAME = AppIcon;
				ASSETCATALOG_COMPILER_GLOBAL_ACCENT_COLOR_NAME = AccentColor;
				CODE_SIGN_STYLE = Automatic;
				CURRENT_PROJECT_VERSION = 1;
				DEVELOPMENT_TEAM = 2662UMC466;
				GENERATE_INFOPLIST_FILE = YES;
				INFOPLIST_FILE = LocoDemoProject/Info.plist;
				INFOPLIST_KEY_UIApplicationSupportsIndirectInputEvents = YES;
				INFOPLIST_KEY_UILaunchStoryboardName = LaunchScreen;
				INFOPLIST_KEY_UIMainStoryboardFile = Main;
				INFOPLIST_KEY_UISupportedInterfaceOrientations_iPad = "UIInterfaceOrientationPortrait UIInterfaceOrientationPortraitUpsideDown UIInterfaceOrientationLandscapeLeft UIInterfaceOrientationLandscapeRight";
				INFOPLIST_KEY_UISupportedInterfaceOrientations_iPhone = "UIInterfaceOrientationPortrait UIInterfaceOrientationLandscapeLeft UIInterfaceOrientationLandscapeRight";
				LD_RUNPATH_SEARCH_PATHS = (
					"$(inherited)",
					"@executable_path/Frameworks",
				);
				MARKETING_VERSION = 1.0;
				PRODUCT_BUNDLE_IDENTIFIER = com.tothenew.LocoDemoProject;
				PRODUCT_NAME = "$(TARGET_NAME)";
				SWIFT_EMIT_LOC_STRINGS = YES;
				SWIFT_VERSION = 5.0;
				TARGETED_DEVICE_FAMILY = "1,2";
			};
			name = Debug;
		};
		AF7FB2112846AE380006C56B /* Release */ = {
			isa = XCBuildConfiguration;
			buildSettings = {
				ASSETCATALOG_COMPILER_APPICON_NAME = AppIcon;
				ASSETCATALOG_COMPILER_GLOBAL_ACCENT_COLOR_NAME = AccentColor;
				CODE_SIGN_STYLE = Automatic;
				CURRENT_PROJECT_VERSION = 1;
				DEVELOPMENT_TEAM = 2662UMC466;
				GENERATE_INFOPLIST_FILE = YES;
				INFOPLIST_FILE = LocoDemoProject/Info.plist;
				INFOPLIST_KEY_UIApplicationSupportsIndirectInputEvents = YES;
				INFOPLIST_KEY_UILaunchStoryboardName = LaunchScreen;
				INFOPLIST_KEY_UIMainStoryboardFile = Main;
				INFOPLIST_KEY_UISupportedInterfaceOrientations_iPad = "UIInterfaceOrientationPortrait UIInterfaceOrientationPortraitUpsideDown UIInterfaceOrientationLandscapeLeft UIInterfaceOrientationLandscapeRight";
				INFOPLIST_KEY_UISupportedInterfaceOrientations_iPhone = "UIInterfaceOrientationPortrait UIInterfaceOrientationLandscapeLeft UIInterfaceOrientationLandscapeRight";
				LD_RUNPATH_SEARCH_PATHS = (
					"$(inherited)",
					"@executable_path/Frameworks",
				);
				MARKETING_VERSION = 1.0;
				PRODUCT_BUNDLE_IDENTIFIER = com.tothenew.LocoDemoProject;
				PRODUCT_NAME = "$(TARGET_NAME)";
				SWIFT_EMIT_LOC_STRINGS = YES;
				SWIFT_VERSION = 5.0;
				TARGETED_DEVICE_FAMILY = "1,2";
			};
			name = Release;
		};
		AF7FB2132846AE380006C56B /* Debug */ = {
			isa = XCBuildConfiguration;
			buildSettings = {
				ALWAYS_EMBED_SWIFT_STANDARD_LIBRARIES = YES;
				BUNDLE_LOADER = "$(TEST_HOST)";
				CODE_SIGN_STYLE = Automatic;
				CURRENT_PROJECT_VERSION = 1;
				DEVELOPMENT_TEAM = 2662UMC466;
				GENERATE_INFOPLIST_FILE = YES;
				IPHONEOS_DEPLOYMENT_TARGET = 15.4;
				MARKETING_VERSION = 1.0;
				PRODUCT_BUNDLE_IDENTIFIER = com.tothenew.LocoDemoProjectTests;
				PRODUCT_NAME = "$(TARGET_NAME)";
				SWIFT_EMIT_LOC_STRINGS = NO;
				SWIFT_VERSION = 5.0;
				TARGETED_DEVICE_FAMILY = "1,2";
				TEST_HOST = "$(BUILT_PRODUCTS_DIR)/LocoDemoProject.app/LocoDemoProject";
			};
			name = Debug;
		};
		AF7FB2142846AE380006C56B /* Release */ = {
			isa = XCBuildConfiguration;
			buildSettings = {
				ALWAYS_EMBED_SWIFT_STANDARD_LIBRARIES = YES;
				BUNDLE_LOADER = "$(TEST_HOST)";
				CODE_SIGN_STYLE = Automatic;
				CURRENT_PROJECT_VERSION = 1;
				DEVELOPMENT_TEAM = 2662UMC466;
				GENERATE_INFOPLIST_FILE = YES;
				IPHONEOS_DEPLOYMENT_TARGET = 15.4;
				MARKETING_VERSION = 1.0;
				PRODUCT_BUNDLE_IDENTIFIER = com.tothenew.LocoDemoProjectTests;
				PRODUCT_NAME = "$(TARGET_NAME)";
				SWIFT_EMIT_LOC_STRINGS = NO;
				SWIFT_VERSION = 5.0;
				TARGETED_DEVICE_FAMILY = "1,2";
				TEST_HOST = "$(BUILT_PRODUCTS_DIR)/LocoDemoProject.app/LocoDemoProject";
			};
			name = Release;
		};
		AF7FB2162846AE380006C56B /* Debug */ = {
			isa = XCBuildConfiguration;
			buildSettings = {
				ALWAYS_EMBED_SWIFT_STANDARD_LIBRARIES = YES;
				CODE_SIGN_STYLE = Automatic;
				CURRENT_PROJECT_VERSION = 1;
				DEVELOPMENT_TEAM = 2662UMC466;
				GENERATE_INFOPLIST_FILE = YES;
				MARKETING_VERSION = 1.0;
				PRODUCT_BUNDLE_IDENTIFIER = com.tothenew.LocoDemoProjectUITests;
				PRODUCT_NAME = "$(TARGET_NAME)";
				SWIFT_EMIT_LOC_STRINGS = NO;
				SWIFT_VERSION = 5.0;
				TARGETED_DEVICE_FAMILY = "1,2";
				TEST_TARGET_NAME = LocoDemoProject;
			};
			name = Debug;
		};
		AF7FB2172846AE380006C56B /* Release */ = {
			isa = XCBuildConfiguration;
			buildSettings = {
				ALWAYS_EMBED_SWIFT_STANDARD_LIBRARIES = YES;
				CODE_SIGN_STYLE = Automatic;
				CURRENT_PROJECT_VERSION = 1;
				DEVELOPMENT_TEAM = 2662UMC466;
				GENERATE_INFOPLIST_FILE = YES;
				MARKETING_VERSION = 1.0;
				PRODUCT_BUNDLE_IDENTIFIER = com.tothenew.LocoDemoProjectUITests;
				PRODUCT_NAME = "$(TARGET_NAME)";
				SWIFT_EMIT_LOC_STRINGS = NO;
				SWIFT_VERSION = 5.0;
				TARGETED_DEVICE_FAMILY = "1,2";
				TEST_TARGET_NAME = LocoDemoProject;
			};
			name = Release;
		};
/* End XCBuildConfiguration section */

/* Begin XCConfigurationList section */
		AF7FB1DD2846AE340006C56B /* Build configuration list for PBXProject "LocoDemoProject" */ = {
			isa = XCConfigurationList;
			buildConfigurations = (
				AF7FB20D2846AE380006C56B /* Debug */,
				AF7FB20E2846AE380006C56B /* Release */,
			);
			defaultConfigurationIsVisible = 0;
			defaultConfigurationName = Release;
		};
		AF7FB20F2846AE380006C56B /* Build configuration list for PBXNativeTarget "LocoDemoProject" */ = {
			isa = XCConfigurationList;
			buildConfigurations = (
				AF7FB2102846AE380006C56B /* Debug */,
				AF7FB2112846AE380006C56B /* Release */,
			);
			defaultConfigurationIsVisible = 0;
			defaultConfigurationName = Release;
		};
		AF7FB2122846AE380006C56B /* Build configuration list for PBXNativeTarget "LocoDemoProjectTests" */ = {
			isa = XCConfigurationList;
			buildConfigurations = (
				AF7FB2132846AE380006C56B /* Debug */,
				AF7FB2142846AE380006C56B /* Release */,
			);
			defaultConfigurationIsVisible = 0;
			defaultConfigurationName = Release;
		};
		AF7FB2152846AE380006C56B /* Build configuration list for PBXNativeTarget "LocoDemoProjectUITests" */ = {
			isa = XCConfigurationList;
			buildConfigurations = (
				AF7FB2162846AE380006C56B /* Debug */,
				AF7FB2172846AE380006C56B /* Release */,
			);
			defaultConfigurationIsVisible = 0;
			defaultConfigurationName = Release;
		};
/* End XCConfigurationList section */

/* Begin XCVersionGroup section */
		AF7FB1EE2846AE350006C56B /* LocoDemoProject.xcdatamodeld */ = {
			isa = XCVersionGroup;
			children = (
				AF7FB1EF2846AE350006C56B /* LocoDemoProject.xcdatamodel */,
			);
			currentVersion = AF7FB1EF2846AE350006C56B /* LocoDemoProject.xcdatamodel */;
			path = LocoDemoProject.xcdatamodeld;
			sourceTree = "<group>";
			versionGroupType = wrapper.xcdatamodel;
		};
/* End XCVersionGroup section */
	};
	rootObject = AF7FB1DA2846AE340006C56B /* Project object */;
}
